
Microsoft Visual Studio Solution File, Format Version 12.00
# Visual Studio Version 17
VisualStudioVersion = 17.0.32112.339
MinimumVisualStudioVersion = 10.0.40219.1
Project("{FAE04EC0-301F-11D3-BF4B-00C04F79EFBC}") = "FinalProject", "FinalProject.csproj", "{CA5DB979-EB20-4F4D-9896-FF8E3AF3D25B}"
EndProject
Global
	GlobalSection(SolutionConfigurationPlatforms) = preSolution
		Debug|Any CPU = Debug|Any CPU
		Release|Any CPU = Release|Any CPU
	EndGlobalSection
	GlobalSection(ProjectConfigurationPlatforms) = postSolution
		{CA5DB979-EB20-4F4D-9896-FF8E3AF3D25B}.Debug|Any CPU.ActiveCfg = Debug|Any CPU
		{CA5DB979-EB20-4F4D-9896-FF8E3AF3D25B}.Debug|Any CPU.Build.0 = Debug|Any CPU
		{CA5DB979-EB20-4F4D-9896-FF8E3AF3D25B}.Release|Any CPU.ActiveCfg = Release|Any CPU
		{CA5DB979-EB20-4F4D-9896-FF8E3AF3D25B}.Release|Any CPU.Build.0 = Release|Any CPU
	EndGlobalSection
	GlobalSection(SolutionProperties) = preSolution
		HideSolutionNode = FALSE
	EndGlobalSection
	GlobalSection(ExtensibilityGlobals) = postSolution
		SolutionGuid = {3976414F-F54A-4B9F-A9D2-57EA128EF599}
	EndGlobalSection
EndGlobal
